
Microsoft Visual Studio Solution File, Format Version 12.00
# Visual Studio 2012
Project("{8BC9CEB8-8B4A-11D0-8D11-00A0C91BC942}") = "Yandere", "MoeDownloader\MoeDownloader.vcxproj", "{7AD1A4FE-DAFF-445F-B0CF-ECFB120DA534}"
EndProject
Project("{FAE04EC0-301F-11D3-BF4B-00C04F79EFBC}") = "Gui", "Gui\Gui.csproj", "{0FECAAFC-8732-4393-A73B-6D523DA9C1A4}"
EndProject
Project("{8BC9CEB8-8B4A-11D0-8D11-00A0C91BC942}") = "Danbooru", "Danbooru\Danbooru.vcxproj", "{8814BD31-09CF-423C-AC82-355BE707D1EC}"
	ProjectSection(ProjectDependencies) = postProject
		{CCB44676-34B2-450D-85E0-F57CD3639F0F} = {CCB44676-34B2-450D-85E0-F57CD3639F0F}
	EndProjectSection
EndProject
Project("{8BC9CEB8-8B4A-11D0-8D11-00A0C91BC942}") = "Konachan", "Konachan\Konachan.vcxproj", "{7BE51C0D-817D-405B-A22E-1C5DE0F39F01}"
EndProject
Project("{8BC9CEB8-8B4A-11D0-8D11-00A0C91BC942}") = "DanbooruSitesLibrary", "DanbooruSitesLibrary\DanbooruSitesLibrary.vcxproj", "{CCB44676-34B2-450D-85E0-F57CD3639F0F}"
EndProject
Project("{8BC9CEB8-8B4A-11D0-8D11-00A0C91BC942}") = "chan@sc", "chan@sc\chan@sc.vcxproj", "{D5EF2017-EBE6-43AA-B63A-9D4EF88F50FA}"
	ProjectSection(ProjectDependencies) = postProject
		{CCB44676-34B2-450D-85E0-F57CD3639F0F} = {CCB44676-34B2-450D-85E0-F57CD3639F0F}
	EndProjectSection
EndProject
Project("{8BC9CEB8-8B4A-11D0-8D11-00A0C91BC942}") = "idol@sc", "idol@sc\idol@sc.vcxproj", "{B1433DAF-2B4A-4BEA-B37B-E6F8279CA819}"
	ProjectSection(ProjectDependencies) = postProject
		{CCB44676-34B2-450D-85E0-F57CD3639F0F} = {CCB44676-34B2-450D-85E0-F57CD3639F0F}
	EndProjectSection
EndProject
Project("{8BC9CEB8-8B4A-11D0-8D11-00A0C91BC942}") = "3dbooru", "3dbooru\3dbooru.vcxproj", "{F7939EC7-A702-4BB5-BACE-BE1775641FA8}"
	ProjectSection(ProjectDependencies) = postProject
		{CCB44676-34B2-450D-85E0-F57CD3639F0F} = {CCB44676-34B2-450D-85E0-F57CD3639F0F}
	EndProjectSection
EndProject
Project("{8BC9CEB8-8B4A-11D0-8D11-00A0C91BC942}") = "Vectorbooru", "Vectorbooru\Vectorbooru.vcxproj", "{AE3642BD-3C29-41B5-9E5D-493373F65D8A}"
	ProjectSection(ProjectDependencies) = postProject
		{CCB44676-34B2-450D-85E0-F57CD3639F0F} = {CCB44676-34B2-450D-85E0-F57CD3639F0F}
	EndProjectSection
EndProject
Project("{8BC9CEB8-8B4A-11D0-8D11-00A0C91BC942}") = "GelbooruSitesLibrary", "GelbooruSitesLibrary\GelbooruSitesLibrary.vcxproj", "{399151A5-161A-4635-B7F6-B5CA71E1D3E5}"
EndProject
Project("{8BC9CEB8-8B4A-11D0-8D11-00A0C91BC942}") = "Gelbooru", "Gelbooru\Gelbooru.vcxproj", "{3606EE6D-405D-4F68-8B3C-A196F81B148C}"
	ProjectSection(ProjectDependencies) = postProject
		{399151A5-161A-4635-B7F6-B5CA71E1D3E5} = {399151A5-161A-4635-B7F6-B5CA71E1D3E5}
	EndProjectSection
EndProject
Global
	GlobalSection(SolutionConfigurationPlatforms) = preSolution
		Debug|Any CPU = Debug|Any CPU
		Debug|Win32 = Debug|Win32
		Debug|x64 = Debug|x64
		Debug|x86 = Debug|x86
		Release|Any CPU = Release|Any CPU
		Release|Win32 = Release|Win32
		Release|x64 = Release|x64
		Release|x86 = Release|x86
		Description = VC++ Console App to Download apps from most famous Booru Picture Sites
	EndGlobalSection
	GlobalSection(ProjectConfigurationPlatforms) = postSolution
		{7AD1A4FE-DAFF-445F-B0CF-ECFB120DA534}.Debug|Any CPU.ActiveCfg = Debug|Win32
		{7AD1A4FE-DAFF-445F-B0CF-ECFB120DA534}.Debug|Win32.ActiveCfg = Debug|Win32
		{7AD1A4FE-DAFF-445F-B0CF-ECFB120DA534}.Debug|Win32.Build.0 = Debug|Win32
		{7AD1A4FE-DAFF-445F-B0CF-ECFB120DA534}.Debug|x64.ActiveCfg = Debug|x64
		{7AD1A4FE-DAFF-445F-B0CF-ECFB120DA534}.Debug|x64.Build.0 = Debug|x64
		{7AD1A4FE-DAFF-445F-B0CF-ECFB120DA534}.Debug|x86.ActiveCfg = Debug|Win32
		{7AD1A4FE-DAFF-445F-B0CF-ECFB120DA534}.Debug|x86.Build.0 = Debug|Win32
		{7AD1A4FE-DAFF-445F-B0CF-ECFB120DA534}.Release|Any CPU.ActiveCfg = Release|Win32
		{7AD1A4FE-DAFF-445F-B0CF-ECFB120DA534}.Release|Win32.ActiveCfg = Release|Win32
		{7AD1A4FE-DAFF-445F-B0CF-ECFB120DA534}.Release|Win32.Build.0 = Release|Win32
		{7AD1A4FE-DAFF-445F-B0CF-ECFB120DA534}.Release|x64.ActiveCfg = Release|x64
		{7AD1A4FE-DAFF-445F-B0CF-ECFB120DA534}.Release|x64.Build.0 = Release|x64
		{7AD1A4FE-DAFF-445F-B0CF-ECFB120DA534}.Release|x86.ActiveCfg = Release|Win32
		{7AD1A4FE-DAFF-445F-B0CF-ECFB120DA534}.Release|x86.Build.0 = Release|Win32
		{0FECAAFC-8732-4393-A73B-6D523DA9C1A4}.Debug|Any CPU.ActiveCfg = Debug|Any CPU
		{0FECAAFC-8732-4393-A73B-6D523DA9C1A4}.Debug|Any CPU.Build.0 = Debug|Any CPU
		{0FECAAFC-8732-4393-A73B-6D523DA9C1A4}.Debug|Win32.ActiveCfg = Debug|x86
		{0FECAAFC-8732-4393-A73B-6D523DA9C1A4}.Debug|Win32.Build.0 = Debug|x86
		{0FECAAFC-8732-4393-A73B-6D523DA9C1A4}.Debug|x64.ActiveCfg = Debug|x64
		{0FECAAFC-8732-4393-A73B-6D523DA9C1A4}.Debug|x64.Build.0 = Debug|x64
		{0FECAAFC-8732-4393-A73B-6D523DA9C1A4}.Debug|x86.ActiveCfg = Debug|x86
		{0FECAAFC-8732-4393-A73B-6D523DA9C1A4}.Debug|x86.Build.0 = Debug|x86
		{0FECAAFC-8732-4393-A73B-6D523DA9C1A4}.Release|Any CPU.ActiveCfg = Release|Any CPU
		{0FECAAFC-8732-4393-A73B-6D523DA9C1A4}.Release|Any CPU.Build.0 = Release|Any CPU
		{0FECAAFC-8732-4393-A73B-6D523DA9C1A4}.Release|Win32.ActiveCfg = Release|x86
		{0FECAAFC-8732-4393-A73B-6D523DA9C1A4}.Release|Win32.Build.0 = Release|x86
		{0FECAAFC-8732-4393-A73B-6D523DA9C1A4}.Release|x64.ActiveCfg = Release|x64
		{0FECAAFC-8732-4393-A73B-6D523DA9C1A4}.Release|x64.Build.0 = Release|x64
		{0FECAAFC-8732-4393-A73B-6D523DA9C1A4}.Release|x86.ActiveCfg = Release|x86
		{0FECAAFC-8732-4393-A73B-6D523DA9C1A4}.Release|x86.Build.0 = Release|x86
		{8814BD31-09CF-423C-AC82-355BE707D1EC}.Debug|Any CPU.ActiveCfg = Debug|Win32
		{8814BD31-09CF-423C-AC82-355BE707D1EC}.Debug|Win32.ActiveCfg = Debug|Win32
		{8814BD31-09CF-423C-AC82-355BE707D1EC}.Debug|Win32.Build.0 = Debug|Win32
		{8814BD31-09CF-423C-AC82-355BE707D1EC}.Debug|x64.ActiveCfg = Debug|x64
		{8814BD31-09CF-423C-AC82-355BE707D1EC}.Debug|x64.Build.0 = Debug|x64
		{8814BD31-09CF-423C-AC82-355BE707D1EC}.Debug|x86.ActiveCfg = Debug|Win32
		{8814BD31-09CF-423C-AC82-355BE707D1EC}.Debug|x86.Build.0 = Debug|Win32
		{8814BD31-09CF-423C-AC82-355BE707D1EC}.Release|Any CPU.ActiveCfg = Release|Win32
		{8814BD31-09CF-423C-AC82-355BE707D1EC}.Release|Win32.ActiveCfg = Release|Win32
		{8814BD31-09CF-423C-AC82-355BE707D1EC}.Release|Win32.Build.0 = Release|Win32
		{8814BD31-09CF-423C-AC82-355BE707D1EC}.Release|x64.ActiveCfg = Release|x64
		{8814BD31-09CF-423C-AC82-355BE707D1EC}.Release|x64.Build.0 = Release|x64
		{8814BD31-09CF-423C-AC82-355BE707D1EC}.Release|x86.ActiveCfg = Release|Win32
		{8814BD31-09CF-423C-AC82-355BE707D1EC}.Release|x86.Build.0 = Release|Win32
		{7BE51C0D-817D-405B-A22E-1C5DE0F39F01}.Debug|Any CPU.ActiveCfg = Debug|Win32
		{7BE51C0D-817D-405B-A22E-1C5DE0F39F01}.Debug|Win32.ActiveCfg = Debug|Win32
		{7BE51C0D-817D-405B-A22E-1C5DE0F39F01}.Debug|Win32.Build.0 = Debug|Win32
		{7BE51C0D-817D-405B-A22E-1C5DE0F39F01}.Debug|x64.ActiveCfg = Debug|x64
		{7BE51C0D-817D-405B-A22E-1C5DE0F39F01}.Debug|x64.Build.0 = Debug|x64
		{7BE51C0D-817D-405B-A22E-1C5DE0F39F01}.Debug|x86.ActiveCfg = Debug|Win32
		{7BE51C0D-817D-405B-A22E-1C5DE0F39F01}.Debug|x86.Build.0 = Debug|Win32
		{7BE51C0D-817D-405B-A22E-1C5DE0F39F01}.Release|Any CPU.ActiveCfg = Release|Win32
		{7BE51C0D-817D-405B-A22E-1C5DE0F39F01}.Release|Win32.ActiveCfg = Release|Win32
		{7BE51C0D-817D-405B-A22E-1C5DE0F39F01}.Release|Win32.Build.0 = Release|Win32
		{7BE51C0D-817D-405B-A22E-1C5DE0F39F01}.Release|x64.ActiveCfg = Release|x64
		{7BE51C0D-817D-405B-A22E-1C5DE0F39F01}.Release|x64.Build.0 = Release|x64
		{7BE51C0D-817D-405B-A22E-1C5DE0F39F01}.Release|x86.ActiveCfg = Release|Win32
		{7BE51C0D-817D-405B-A22E-1C5DE0F39F01}.Release|x86.Build.0 = Release|Win32
		{CCB44676-34B2-450D-85E0-F57CD3639F0F}.Debug|Any CPU.ActiveCfg = Debug|Win32
		{CCB44676-34B2-450D-85E0-F57CD3639F0F}.Debug|Win32.ActiveCfg = Debug|Win32
		{CCB44676-34B2-450D-85E0-F57CD3639F0F}.Debug|Win32.Build.0 = Debug|Win32
		{CCB44676-34B2-450D-85E0-F57CD3639F0F}.Debug|x64.ActiveCfg = Debug|x64
		{CCB44676-34B2-450D-85E0-F57CD3639F0F}.Debug|x64.Build.0 = Debug|x64
		{CCB44676-34B2-450D-85E0-F57CD3639F0F}.Debug|x86.ActiveCfg = Debug|Win32
		{CCB44676-34B2-450D-85E0-F57CD3639F0F}.Debug|x86.Build.0 = Debug|Win32
		{CCB44676-34B2-450D-85E0-F57CD3639F0F}.Release|Any CPU.ActiveCfg = Release|Win32
		{CCB44676-34B2-450D-85E0-F57CD3639F0F}.Release|Win32.ActiveCfg = Release|Win32
		{CCB44676-34B2-450D-85E0-F57CD3639F0F}.Release|Win32.Build.0 = Release|Win32
		{CCB44676-34B2-450D-85E0-F57CD3639F0F}.Release|x64.ActiveCfg = Release|x64
		{CCB44676-34B2-450D-85E0-F57CD3639F0F}.Release|x64.Build.0 = Release|x64
		{CCB44676-34B2-450D-85E0-F57CD3639F0F}.Release|x86.ActiveCfg = Release|Win32
		{CCB44676-34B2-450D-85E0-F57CD3639F0F}.Release|x86.Build.0 = Release|Win32
		{D5EF2017-EBE6-43AA-B63A-9D4EF88F50FA}.Debug|Any CPU.ActiveCfg = Debug|Win32
		{D5EF2017-EBE6-43AA-B63A-9D4EF88F50FA}.Debug|Win32.ActiveCfg = Debug|Win32
		{D5EF2017-EBE6-43AA-B63A-9D4EF88F50FA}.Debug|Win32.Build.0 = Debug|Win32
		{D5EF2017-EBE6-43AA-B63A-9D4EF88F50FA}.Debug|x64.ActiveCfg = Debug|x64
		{D5EF2017-EBE6-43AA-B63A-9D4EF88F50FA}.Debug|x64.Build.0 = Debug|x64
		{D5EF2017-EBE6-43AA-B63A-9D4EF88F50FA}.Debug|x86.ActiveCfg = Debug|Win32
		{D5EF2017-EBE6-43AA-B63A-9D4EF88F50FA}.Debug|x86.Build.0 = Debug|Win32
		{D5EF2017-EBE6-43AA-B63A-9D4EF88F50FA}.Release|Any CPU.ActiveCfg = Release|Win32
		{D5EF2017-EBE6-43AA-B63A-9D4EF88F50FA}.Release|Win32.ActiveCfg = Release|Win32
		{D5EF2017-EBE6-43AA-B63A-9D4EF88F50FA}.Release|Win32.Build.0 = Release|Win32
		{D5EF2017-EBE6-43AA-B63A-9D4EF88F50FA}.Release|x64.ActiveCfg = Release|x64
		{D5EF2017-EBE6-43AA-B63A-9D4EF88F50FA}.Release|x64.Build.0 = Release|x64
		{D5EF2017-EBE6-43AA-B63A-9D4EF88F50FA}.Release|x86.ActiveCfg = Release|Win32
		{D5EF2017-EBE6-43AA-B63A-9D4EF88F50FA}.Release|x86.Build.0 = Release|Win32
		{B1433DAF-2B4A-4BEA-B37B-E6F8279CA819}.Debug|Any CPU.ActiveCfg = Debug|Win32
		{B1433DAF-2B4A-4BEA-B37B-E6F8279CA819}.Debug|Win32.ActiveCfg = Debug|Win32
		{B1433DAF-2B4A-4BEA-B37B-E6F8279CA819}.Debug|Win32.Build.0 = Debug|Win32
		{B1433DAF-2B4A-4BEA-B37B-E6F8279CA819}.Debug|x64.ActiveCfg = Debug|x64
		{B1433DAF-2B4A-4BEA-B37B-E6F8279CA819}.Debug|x64.Build.0 = Debug|x64
		{B1433DAF-2B4A-4BEA-B37B-E6F8279CA819}.Debug|x86.ActiveCfg = Debug|Win32
		{B1433DAF-2B4A-4BEA-B37B-E6F8279CA819}.Debug|x86.Build.0 = Debug|Win32
		{B1433DAF-2B4A-4BEA-B37B-E6F8279CA819}.Release|Any CPU.ActiveCfg = Release|Win32
		{B1433DAF-2B4A-4BEA-B37B-E6F8279CA819}.Release|Win32.ActiveCfg = Release|Win32
		{B1433DAF-2B4A-4BEA-B37B-E6F8279CA819}.Release|Win32.Build.0 = Release|Win32
		{B1433DAF-2B4A-4BEA-B37B-E6F8279CA819}.Release|x64.ActiveCfg = Release|x64
		{B1433DAF-2B4A-4BEA-B37B-E6F8279CA819}.Release|x64.Build.0 = Release|x64
		{B1433DAF-2B4A-4BEA-B37B-E6F8279CA819}.Release|x86.ActiveCfg = Release|Win32
		{B1433DAF-2B4A-4BEA-B37B-E6F8279CA819}.Release|x86.Build.0 = Release|Win32
		{F7939EC7-A702-4BB5-BACE-BE1775641FA8}.Debug|Any CPU.ActiveCfg = Debug|Win32
		{F7939EC7-A702-4BB5-BACE-BE1775641FA8}.Debug|Win32.ActiveCfg = Debug|Win32
		{F7939EC7-A702-4BB5-BACE-BE1775641FA8}.Debug|Win32.Build.0 = Debug|Win32
		{F7939EC7-A702-4BB5-BACE-BE1775641FA8}.Debug|x64.ActiveCfg = Debug|x64
		{F7939EC7-A702-4BB5-BACE-BE1775641FA8}.Debug|x64.Build.0 = Debug|x64
		{F7939EC7-A702-4BB5-BACE-BE1775641FA8}.Debug|x86.ActiveCfg = Debug|Win32
		{F7939EC7-A702-4BB5-BACE-BE1775641FA8}.Debug|x86.Build.0 = Debug|Win32
		{F7939EC7-A702-4BB5-BACE-BE1775641FA8}.Release|Any CPU.ActiveCfg = Release|Win32
		{F7939EC7-A702-4BB5-BACE-BE1775641FA8}.Release|Win32.ActiveCfg = Release|Win32
		{F7939EC7-A702-4BB5-BACE-BE1775641FA8}.Release|Win32.Build.0 = Release|Win32
		{F7939EC7-A702-4BB5-BACE-BE1775641FA8}.Release|x64.ActiveCfg = Release|x64
		{F7939EC7-A702-4BB5-BACE-BE1775641FA8}.Release|x64.Build.0 = Release|x64
		{F7939EC7-A702-4BB5-BACE-BE1775641FA8}.Release|x86.ActiveCfg = Release|Win32
		{F7939EC7-A702-4BB5-BACE-BE1775641FA8}.Release|x86.Build.0 = Release|Win32
		{AE3642BD-3C29-41B5-9E5D-493373F65D8A}.Debug|Any CPU.ActiveCfg = Debug|Win32
		{AE3642BD-3C29-41B5-9E5D-493373F65D8A}.Debug|Win32.ActiveCfg = Debug|Win32
		{AE3642BD-3C29-41B5-9E5D-493373F65D8A}.Debug|Win32.Build.0 = Debug|Win32
		{AE3642BD-3C29-41B5-9E5D-493373F65D8A}.Debug|x64.ActiveCfg = Debug|x64
		{AE3642BD-3C29-41B5-9E5D-493373F65D8A}.Debug|x64.Build.0 = Debug|x64
		{AE3642BD-3C29-41B5-9E5D-493373F65D8A}.Debug|x86.ActiveCfg = Debug|Win32
		{AE3642BD-3C29-41B5-9E5D-493373F65D8A}.Debug|x86.Build.0 = Debug|Win32
		{AE3642BD-3C29-41B5-9E5D-493373F65D8A}.Release|Any CPU.ActiveCfg = Release|Win32
		{AE3642BD-3C29-41B5-9E5D-493373F65D8A}.Release|Win32.ActiveCfg = Release|Win32
		{AE3642BD-3C29-41B5-9E5D-493373F65D8A}.Release|Win32.Build.0 = Release|Win32
		{AE3642BD-3C29-41B5-9E5D-493373F65D8A}.Release|x64.ActiveCfg = Release|x64
		{AE3642BD-3C29-41B5-9E5D-493373F65D8A}.Release|x64.Build.0 = Release|x64
		{AE3642BD-3C29-41B5-9E5D-493373F65D8A}.Release|x86.ActiveCfg = Release|Win32
		{AE3642BD-3C29-41B5-9E5D-493373F65D8A}.Release|x86.Build.0 = Release|Win32
		{399151A5-161A-4635-B7F6-B5CA71E1D3E5}.Debug|Any CPU.ActiveCfg = Debug|Win32
		{399151A5-161A-4635-B7F6-B5CA71E1D3E5}.Debug|Win32.ActiveCfg = Debug|Win32
		{399151A5-161A-4635-B7F6-B5CA71E1D3E5}.Debug|Win32.Build.0 = Debug|Win32
		{399151A5-161A-4635-B7F6-B5CA71E1D3E5}.Debug|x64.ActiveCfg = Debug|x64
		{399151A5-161A-4635-B7F6-B5CA71E1D3E5}.Debug|x64.Build.0 = Debug|x64
		{399151A5-161A-4635-B7F6-B5CA71E1D3E5}.Debug|x86.ActiveCfg = Debug|Win32
		{399151A5-161A-4635-B7F6-B5CA71E1D3E5}.Debug|x86.Build.0 = Debug|Win32
		{399151A5-161A-4635-B7F6-B5CA71E1D3E5}.Release|Any CPU.ActiveCfg = Release|Win32
		{399151A5-161A-4635-B7F6-B5CA71E1D3E5}.Release|Win32.ActiveCfg = Release|Win32
		{399151A5-161A-4635-B7F6-B5CA71E1D3E5}.Release|Win32.Build.0 = Release|Win32
		{399151A5-161A-4635-B7F6-B5CA71E1D3E5}.Release|x64.ActiveCfg = Release|x64
		{399151A5-161A-4635-B7F6-B5CA71E1D3E5}.Release|x64.Build.0 = Release|x64
		{399151A5-161A-4635-B7F6-B5CA71E1D3E5}.Release|x86.ActiveCfg = Release|Win32
		{399151A5-161A-4635-B7F6-B5CA71E1D3E5}.Release|x86.Build.0 = Release|Win32
		{3606EE6D-405D-4F68-8B3C-A196F81B148C}.Debug|Any CPU.ActiveCfg = Debug|Win32
		{3606EE6D-405D-4F68-8B3C-A196F81B148C}.Debug|Win32.ActiveCfg = Debug|Win32
		{3606EE6D-405D-4F68-8B3C-A196F81B148C}.Debug|Win32.Build.0 = Debug|Win32
		{3606EE6D-405D-4F68-8B3C-A196F81B148C}.Debug|x64.ActiveCfg = Debug|x64
		{3606EE6D-405D-4F68-8B3C-A196F81B148C}.Debug|x64.Build.0 = Debug|x64
		{3606EE6D-405D-4F68-8B3C-A196F81B148C}.Debug|x86.ActiveCfg = Debug|Win32
		{3606EE6D-405D-4F68-8B3C-A196F81B148C}.Debug|x86.Build.0 = Debug|Win32
		{3606EE6D-405D-4F68-8B3C-A196F81B148C}.Release|Any CPU.ActiveCfg = Release|Win32
		{3606EE6D-405D-4F68-8B3C-A196F81B148C}.Release|Win32.ActiveCfg = Release|Win32
		{3606EE6D-405D-4F68-8B3C-A196F81B148C}.Release|Win32.Build.0 = Release|Win32
		{3606EE6D-405D-4F68-8B3C-A196F81B148C}.Release|x64.ActiveCfg = Release|x64
		{3606EE6D-405D-4F68-8B3C-A196F81B148C}.Release|x64.Build.0 = Release|x64
		{3606EE6D-405D-4F68-8B3C-A196F81B148C}.Release|x86.ActiveCfg = Release|Win32
		{3606EE6D-405D-4F68-8B3C-A196F81B148C}.Release|x86.Build.0 = Release|Win32
	EndGlobalSection
	GlobalSection(SolutionProperties) = preSolution
		HideSolutionNode = FALSE
	EndGlobalSection
EndGlobal
